# This file is automatically @generated by Cargo.
# It is not intended for manual editing.
version = 4

[[package]]
name = "oxrdp"
version = "0.0.0"
dependencies = [
 "oxrdp-channels",
 "oxrdp-core",
 "oxrdp-crypto",
 "oxrdp-display",
 "oxrdp-graphics",
 "oxrdp-input",
 "oxrdp-io",
 "oxrdp-pdu",
 "oxrdp-rail",
 "oxrdp-render",
]

[[package]]
name = "oxrdp-channels"
version = "0.0.0"

[[package]]
name = "oxrdp-cli"
version = "0.0.0"
dependencies = [
 "oxrdp",
]

[[package]]
name = "oxrdp-core"
version = "0.0.0"
dependencies = [
 "oxrdp-pdu",
]

[[package]]
name = "oxrdp-crypto"
version = "0.0.0"

[[package]]
name = "oxrdp-display"
version = "0.0.0"

[[package]]
name = "oxrdp-graphics"
version = "0.0.0"

[[package]]
name = "oxrdp-input"
version = "0.0.0"

[[package]]
name = "oxrdp-io"
version = "0.0.0"

[[package]]
name = "oxrdp-pdu"
version = "0.0.0"

[[package]]
name = "oxrdp-rail"
version = "0.0.0"

[[package]]
name = "oxrdp-render"
version = "0.0.0"
